
Microsoft Visual Studio Solution File, Format Version 12.00
# Visual Studio 15
VisualStudioVersion = 15.0.27428.2027
MinimumVisualStudioVersion = 10.0.40219.1
Project("{FAE04EC0-301F-11D3-BF4B-00C04F79EFBC}") = "ParrotProject", "ParrotProject\ParrotProject.csproj", "{7F2430EE-4E5E-42EC-967C-BF185C00258D}"
EndProject
Global
	GlobalSection(SolutionConfigurationPlatforms) = preSolution
		Debug|Any CPU = Debug|Any CPU
		Release|Any CPU = Release|Any CPU
	EndGlobalSection
	GlobalSection(ProjectConfigurationPlatforms) = postSolution
		{7F2430EE-4E5E-42EC-967C-BF185C00258D}.Debug|Any CPU.ActiveCfg = Debug|Any CPU
		{7F2430EE-4E5E-42EC-967C-BF185C00258D}.Debug|Any CPU.Build.0 = Debug|Any CPU
		{7F2430EE-4E5E-42EC-967C-BF185C00258D}.Release|Any CPU.ActiveCfg = Release|Any CPU
		{7F2430EE-4E5E-42EC-967C-BF185C00258D}.Release|Any CPU.Build.0 = Release|Any CPU
	EndGlobalSection
	GlobalSection(SolutionProperties) = preSolution
		HideSolutionNode = FALSE
	EndGlobalSection
	GlobalSection(ExtensibilityGlobals) = postSolution
		SolutionGuid = {A330070B-6911-4C1D-96FF-CE9A0F4C266E}
	EndGlobalSection
EndGlobal
